
Microsoft Visual Studio Solution File, Format Version 12.00
# Visual Studio 2013
VisualStudioVersion = 12.0.21005.1
MinimumVisualStudioVersion = 10.0.40219.1
Project("{FAE04EC0-301F-11D3-BF4B-00C04F79EFBC}") = "Interview.domain", "Interview.domain\Interview.domain.csproj", "{797CB819-B8D8-4393-AC66-8078DDEAF52D}"
EndProject
Project("{FAE04EC0-301F-11D3-BF4B-00C04F79EFBC}") = "Interview.WebUI", "Interview.WebUI\Interview.WebUI.csproj", "{09CD73AB-BAB7-4510-BBC7-F2A53F434876}"
EndProject
Global
	GlobalSection(SolutionConfigurationPlatforms) = preSolution
		Debug|Any CPU = Debug|Any CPU
		Release|Any CPU = Release|Any CPU
	EndGlobalSection
	GlobalSection(ProjectConfigurationPlatforms) = postSolution
		{797CB819-B8D8-4393-AC66-8078DDEAF52D}.Debug|Any CPU.ActiveCfg = Debug|Any CPU
		{797CB819-B8D8-4393-AC66-8078DDEAF52D}.Debug|Any CPU.Build.0 = Debug|Any CPU
		{797CB819-B8D8-4393-AC66-8078DDEAF52D}.Release|Any CPU.ActiveCfg = Release|Any CPU
		{797CB819-B8D8-4393-AC66-8078DDEAF52D}.Release|Any CPU.Build.0 = Release|Any CPU
		{09CD73AB-BAB7-4510-BBC7-F2A53F434876}.Debug|Any CPU.ActiveCfg = Debug|Any CPU
		{09CD73AB-BAB7-4510-BBC7-F2A53F434876}.Debug|Any CPU.Build.0 = Debug|Any CPU
		{09CD73AB-BAB7-4510-BBC7-F2A53F434876}.Release|Any CPU.ActiveCfg = Release|Any CPU
		{09CD73AB-BAB7-4510-BBC7-F2A53F434876}.Release|Any CPU.Build.0 = Release|Any CPU
	EndGlobalSection
	GlobalSection(SolutionProperties) = preSolution
		HideSolutionNode = FALSE
	EndGlobalSection
EndGlobal
